
Microsoft Visual Studio Solution File, Format Version 12.00
# Visual Studio Version 17
VisualStudioVersion = 17.8.34316.72
MinimumVisualStudioVersion = 10.0.40219.1
Project("{FAE04EC0-301F-11D3-BF4B-00C04F79EFBC}") = "TestMindbox", "TestMindbox\TestMindbox.csproj", "{F207E3AE-EE42-4429-A86A-1552E3720631}"
EndProject
Global
	GlobalSection(SolutionConfigurationPlatforms) = preSolution
		Debug|Any CPU = Debug|Any CPU
		Release|Any CPU = Release|Any CPU
	EndGlobalSection
	GlobalSection(ProjectConfigurationPlatforms) = postSolution
		{F207E3AE-EE42-4429-A86A-1552E3720631}.Debug|Any CPU.ActiveCfg = Debug|Any CPU
		{F207E3AE-EE42-4429-A86A-1552E3720631}.Debug|Any CPU.Build.0 = Debug|Any CPU
		{F207E3AE-EE42-4429-A86A-1552E3720631}.Release|Any CPU.ActiveCfg = Release|Any CPU
		{F207E3AE-EE42-4429-A86A-1552E3720631}.Release|Any CPU.Build.0 = Release|Any CPU
	EndGlobalSection
	GlobalSection(SolutionProperties) = preSolution
		HideSolutionNode = FALSE
	EndGlobalSection
	GlobalSection(ExtensibilityGlobals) = postSolution
		SolutionGuid = {A9D34966-AE89-4515-9890-CAFC2E0E426A}
	EndGlobalSection
EndGlobal
